{
    "_readme": [
        "This file locks the dependencies of your project to a known state",
        "Read more about it at https://getcomposer.org/doc/01-basic-usage.md#installing-dependencies",
        "This file is @generated automatically"
    ],
    "content-hash": "0e75836086c9d8c828c6a78ee6618d15",
    "packages": [],
    "packages-dev": [
        {
            "name": "kahlan/kahlan",
            "version": "4.1.7",
            "source": {
                "type": "git",
                "url": "https://github.com/kahlan/kahlan.git",
                "reference": "e21f83c1458bdc2ccd357e2fb3ee4cf9f0fe9f47"
            },
            "dist": {
                "type": "zip",
                "url": "https://api.github.com/repos/kahlan/kahlan/zipball/e21f83c1458bdc2ccd357e2fb3ee4cf9f0fe9f47",
                "reference": "e21f83c1458bdc2ccd357e2fb3ee4cf9f0fe9f47",
                "shasum": ""
            },
            "require": {
                "php": ">=5.5"
            },
            "require-dev": {
                "squizlabs/php_codesniffer": "^2.7"
            },
            "bin": [
                "bin/kahlan"
            ],
            "type": "library",
            "autoload": {
                "psr-4": {
                    "Kahlan\\": "src/"
                },
                "files": [
                    "src/functions.php"
                ]
            },
            "notification-url": "https://packagist.org/downloads/",
            "license": [
                "MIT"
            ],
            "authors": [
                {
                    "name": "CrysaLEAD"
                }
            ],
            "description": "The PHP Test Framework for Freedom, Truth and Justice.",
            "keywords": [
                "BDD",
                "Behavior-Driven Development",
                "Monkey Patching",
                "TDD",
                "mock",
                "stub",
                "testing",
                "unit test"
            ],
            "time": "2018-08-24T11:30:01+00:00"
        }
    ],
    "aliases": [],
    "minimum-stability": "stable",
    "stability-flags": [],
    "prefer-stable": false,
    "prefer-lowest": false,
    "platform": [],
    "platform-dev": []
}
